
Microsoft Visual Studio Solution File, Format Version 12.00
# Visual Studio Version 17
VisualStudioVersion = 17.3.32811.315
MinimumVisualStudioVersion = 10.0.40219.1
Project("{9A19103F-16F7-4668-BE54-9A1E7A4F7556}") = "2DatentypenKonvertierung", "2DatentypenKonvertierung\2DatentypenKonvertierung.csproj", "{A92DEC21-CF27-4C5D-9794-CD06E1D5BECF}"
EndProject
Project("{9A19103F-16F7-4668-BE54-9A1E7A4F7556}") = "1AusgabeEinlese", "1AusgabeEinlese\1AusgabeEinlese.csproj", "{023604B3-B890-4AF4-9F0C-80FF6EB6F268}"
EndProject
Project("{FAE04EC0-301F-11D3-BF4B-00C04F79EFBC}") = "3 OperationenKonvertierung", "3 OperationenKonvertierung\3 OperationenKonvertierung.csproj", "{084232E6-9C06-4908-864D-3A1F53F92F73}"
EndProject
Global
	GlobalSection(SolutionConfigurationPlatforms) = preSolution
		Debug|Any CPU = Debug|Any CPU
		Release|Any CPU = Release|Any CPU
	EndGlobalSection
	GlobalSection(ProjectConfigurationPlatforms) = postSolution
		{A92DEC21-CF27-4C5D-9794-CD06E1D5BECF}.Debug|Any CPU.ActiveCfg = Debug|Any CPU
		{A92DEC21-CF27-4C5D-9794-CD06E1D5BECF}.Debug|Any CPU.Build.0 = Debug|Any CPU
		{A92DEC21-CF27-4C5D-9794-CD06E1D5BECF}.Release|Any CPU.ActiveCfg = Release|Any CPU
		{A92DEC21-CF27-4C5D-9794-CD06E1D5BECF}.Release|Any CPU.Build.0 = Release|Any CPU
		{023604B3-B890-4AF4-9F0C-80FF6EB6F268}.Debug|Any CPU.ActiveCfg = Debug|Any CPU
		{023604B3-B890-4AF4-9F0C-80FF6EB6F268}.Debug|Any CPU.Build.0 = Debug|Any CPU
		{023604B3-B890-4AF4-9F0C-80FF6EB6F268}.Release|Any CPU.ActiveCfg = Release|Any CPU
		{023604B3-B890-4AF4-9F0C-80FF6EB6F268}.Release|Any CPU.Build.0 = Release|Any CPU
		{084232E6-9C06-4908-864D-3A1F53F92F73}.Debug|Any CPU.ActiveCfg = Debug|Any CPU
		{084232E6-9C06-4908-864D-3A1F53F92F73}.Debug|Any CPU.Build.0 = Debug|Any CPU
		{084232E6-9C06-4908-864D-3A1F53F92F73}.Release|Any CPU.ActiveCfg = Release|Any CPU
		{084232E6-9C06-4908-864D-3A1F53F92F73}.Release|Any CPU.Build.0 = Release|Any CPU
	EndGlobalSection
	GlobalSection(SolutionProperties) = preSolution
		HideSolutionNode = FALSE
	EndGlobalSection
	GlobalSection(ExtensibilityGlobals) = postSolution
		SolutionGuid = {27C99F0F-39F6-47BA-838D-9459A1204C30}
	EndGlobalSection
EndGlobal
